
Microsoft Visual Studio Solution File, Format Version 12.00
# Visual Studio 2012
Project("{8BC9CEB8-8B4A-11D0-8D11-00A0C91BC942}") = "SystemuChuslenn9", "SystemuChuslenn9\SystemuChuslenn9.vcxproj", "{97CBD216-5E8F-4C75-9FE2-12C84DA5AA1C}"
EndProject
Global
	GlobalSection(SolutionConfigurationPlatforms) = preSolution
		Debug|Win32 = Debug|Win32
		Release|Win32 = Release|Win32
	EndGlobalSection
	GlobalSection(ProjectConfigurationPlatforms) = postSolution
		{97CBD216-5E8F-4C75-9FE2-12C84DA5AA1C}.Debug|Win32.ActiveCfg = Debug|Win32
		{97CBD216-5E8F-4C75-9FE2-12C84DA5AA1C}.Debug|Win32.Build.0 = Debug|Win32
		{97CBD216-5E8F-4C75-9FE2-12C84DA5AA1C}.Release|Win32.ActiveCfg = Release|Win32
		{97CBD216-5E8F-4C75-9FE2-12C84DA5AA1C}.Release|Win32.Build.0 = Release|Win32
	EndGlobalSection
	GlobalSection(SolutionProperties) = preSolution
		HideSolutionNode = FALSE
	EndGlobalSection
EndGlobal
