
Microsoft Visual Studio Solution File, Format Version 12.00
# Visual Studio 2012
Project("{8BC9CEB8-8B4A-11D0-8D11-00A0C91BC942}") = "Злиття двох відсортованих файлів", "Злиття двох відсортованих файлів\Злиття двох відсортованих файлів.vcxproj", "{79D27146-4CDB-4B7D-847C-F8F86A24FE96}"
EndProject
Global
	GlobalSection(SolutionConfigurationPlatforms) = preSolution
		Debug|Win32 = Debug|Win32
		Release|Win32 = Release|Win32
	EndGlobalSection
	GlobalSection(ProjectConfigurationPlatforms) = postSolution
		{79D27146-4CDB-4B7D-847C-F8F86A24FE96}.Debug|Win32.ActiveCfg = Debug|Win32
		{79D27146-4CDB-4B7D-847C-F8F86A24FE96}.Debug|Win32.Build.0 = Debug|Win32
		{79D27146-4CDB-4B7D-847C-F8F86A24FE96}.Release|Win32.ActiveCfg = Release|Win32
		{79D27146-4CDB-4B7D-847C-F8F86A24FE96}.Release|Win32.Build.0 = Release|Win32
	EndGlobalSection
	GlobalSection(SolutionProperties) = preSolution
		HideSolutionNode = FALSE
	EndGlobalSection
EndGlobal
