
Microsoft Visual Studio Solution File, Format Version 12.00
# Visual Studio 2012
Project("{8BC9CEB8-8B4A-11D0-8D11-00A0C91BC942}") = "Monkey_Sort(Binary_Tree)", "Monkey_Sort(Binary_Tree)\Monkey_Sort(Binary_Tree).vcxproj", "{CD52C116-9B00-410E-9FB2-18F3EDBFE821}"
EndProject
Global
	GlobalSection(SolutionConfigurationPlatforms) = preSolution
		Debug|Win32 = Debug|Win32
		Release|Win32 = Release|Win32
	EndGlobalSection
	GlobalSection(ProjectConfigurationPlatforms) = postSolution
		{CD52C116-9B00-410E-9FB2-18F3EDBFE821}.Debug|Win32.ActiveCfg = Debug|Win32
		{CD52C116-9B00-410E-9FB2-18F3EDBFE821}.Debug|Win32.Build.0 = Debug|Win32
		{CD52C116-9B00-410E-9FB2-18F3EDBFE821}.Release|Win32.ActiveCfg = Release|Win32
		{CD52C116-9B00-410E-9FB2-18F3EDBFE821}.Release|Win32.Build.0 = Release|Win32
	EndGlobalSection
	GlobalSection(SolutionProperties) = preSolution
		HideSolutionNode = FALSE
	EndGlobalSection
EndGlobal
