
Microsoft Visual Studio Solution File, Format Version 12.00
# Visual Studio 2012
Project("{8BC9CEB8-8B4A-11D0-8D11-00A0C91BC942}") = "Проект1.9", "Проект1.9\Проект1.9.vcxproj", "{5268D613-CF80-419A-9EDE-2B0CFF97532F}"
EndProject
Global
	GlobalSection(SolutionConfigurationPlatforms) = preSolution
		Debug|Win32 = Debug|Win32
		Release|Win32 = Release|Win32
	EndGlobalSection
	GlobalSection(ProjectConfigurationPlatforms) = postSolution
		{5268D613-CF80-419A-9EDE-2B0CFF97532F}.Debug|Win32.ActiveCfg = Debug|Win32
		{5268D613-CF80-419A-9EDE-2B0CFF97532F}.Debug|Win32.Build.0 = Debug|Win32
		{5268D613-CF80-419A-9EDE-2B0CFF97532F}.Release|Win32.ActiveCfg = Release|Win32
		{5268D613-CF80-419A-9EDE-2B0CFF97532F}.Release|Win32.Build.0 = Release|Win32
	EndGlobalSection
	GlobalSection(SolutionProperties) = preSolution
		HideSolutionNode = FALSE
	EndGlobalSection
EndGlobal
