
Microsoft Visual Studio Solution File, Format Version 12.00
# Visual Studio 2012
Project("{8BC9CEB8-8B4A-11D0-8D11-00A0C91BC942}") = "Laba_5", "Laba_5\Laba_5.vcxproj", "{629D74EC-2307-44D0-83E0-B6B73D2E0999}"
EndProject
Global
	GlobalSection(SolutionConfigurationPlatforms) = preSolution
		Debug|Win32 = Debug|Win32
		Release|Win32 = Release|Win32
	EndGlobalSection
	GlobalSection(ProjectConfigurationPlatforms) = postSolution
		{629D74EC-2307-44D0-83E0-B6B73D2E0999}.Debug|Win32.ActiveCfg = Debug|Win32
		{629D74EC-2307-44D0-83E0-B6B73D2E0999}.Debug|Win32.Build.0 = Debug|Win32
		{629D74EC-2307-44D0-83E0-B6B73D2E0999}.Release|Win32.ActiveCfg = Release|Win32
		{629D74EC-2307-44D0-83E0-B6B73D2E0999}.Release|Win32.Build.0 = Release|Win32
	EndGlobalSection
	GlobalSection(SolutionProperties) = preSolution
		HideSolutionNode = FALSE
	EndGlobalSection
EndGlobal
