
Microsoft Visual Studio Solution File, Format Version 12.00
# Visual Studio 2012
Project("{8BC9CEB8-8B4A-11D0-8D11-00A0C91BC942}") = "ArraySortSumLine", "ArraySortSumLine\ArraySortSumLine.vcxproj", "{30E13C9D-FA8E-4987-8126-0B83B73CEFB8}"
EndProject
Global
	GlobalSection(SolutionConfigurationPlatforms) = preSolution
		Debug|Win32 = Debug|Win32
		Release|Win32 = Release|Win32
	EndGlobalSection
	GlobalSection(ProjectConfigurationPlatforms) = postSolution
		{30E13C9D-FA8E-4987-8126-0B83B73CEFB8}.Debug|Win32.ActiveCfg = Debug|Win32
		{30E13C9D-FA8E-4987-8126-0B83B73CEFB8}.Debug|Win32.Build.0 = Debug|Win32
		{30E13C9D-FA8E-4987-8126-0B83B73CEFB8}.Release|Win32.ActiveCfg = Release|Win32
		{30E13C9D-FA8E-4987-8126-0B83B73CEFB8}.Release|Win32.Build.0 = Release|Win32
	EndGlobalSection
	GlobalSection(SolutionProperties) = preSolution
		HideSolutionNode = FALSE
	EndGlobalSection
EndGlobal
